
Microsoft Visual Studio Solution File, Format Version 12.00
# Visual Studio Version 16
VisualStudioVersion = 16.0.30204.135
MinimumVisualStudioVersion = 10.0.40219.1
Project("{FAE04EC0-301F-11D3-BF4B-00C04F79EFBC}") = "ImitationOfLoadingSteps", "ImitationOfLoadingSteps\ImitationOfLoadingSteps.csproj", "{233419BA-F8BF-4F52-BCD5-8E17FEF56746}"
EndProject
Global
	GlobalSection(SolutionConfigurationPlatforms) = preSolution
		Debug|Any CPU = Debug|Any CPU
		Release|Any CPU = Release|Any CPU
	EndGlobalSection
	GlobalSection(ProjectConfigurationPlatforms) = postSolution
		{233419BA-F8BF-4F52-BCD5-8E17FEF56746}.Debug|Any CPU.ActiveCfg = Debug|Any CPU
		{233419BA-F8BF-4F52-BCD5-8E17FEF56746}.Debug|Any CPU.Build.0 = Debug|Any CPU
		{233419BA-F8BF-4F52-BCD5-8E17FEF56746}.Release|Any CPU.ActiveCfg = Release|Any CPU
		{233419BA-F8BF-4F52-BCD5-8E17FEF56746}.Release|Any CPU.Build.0 = Release|Any CPU
	EndGlobalSection
	GlobalSection(SolutionProperties) = preSolution
		HideSolutionNode = FALSE
	EndGlobalSection
	GlobalSection(ExtensibilityGlobals) = postSolution
		SolutionGuid = {D76916BE-B4FD-4E66-B8CE-A9DFB5D33EE8}
	EndGlobalSection
EndGlobal
