
Microsoft Visual Studio Solution File, Format Version 12.00
# Visual Studio Version 16
VisualStudioVersion = 16.0.30204.135
MinimumVisualStudioVersion = 10.0.40219.1
Project("{FAE04EC0-301F-11D3-BF4B-00C04F79EFBC}") = "LinqTask", "LinqTask\LinqTask.csproj", "{CBF04CBA-D348-4D01-9CBA-F29C054B9AC2}"
EndProject
Global
	GlobalSection(SolutionConfigurationPlatforms) = preSolution
		Debug|Any CPU = Debug|Any CPU
		Release|Any CPU = Release|Any CPU
	EndGlobalSection
	GlobalSection(ProjectConfigurationPlatforms) = postSolution
		{CBF04CBA-D348-4D01-9CBA-F29C054B9AC2}.Debug|Any CPU.ActiveCfg = Debug|Any CPU
		{CBF04CBA-D348-4D01-9CBA-F29C054B9AC2}.Debug|Any CPU.Build.0 = Debug|Any CPU
		{CBF04CBA-D348-4D01-9CBA-F29C054B9AC2}.Release|Any CPU.ActiveCfg = Release|Any CPU
		{CBF04CBA-D348-4D01-9CBA-F29C054B9AC2}.Release|Any CPU.Build.0 = Release|Any CPU
	EndGlobalSection
	GlobalSection(SolutionProperties) = preSolution
		HideSolutionNode = FALSE
	EndGlobalSection
	GlobalSection(ExtensibilityGlobals) = postSolution
		SolutionGuid = {ECBD79F9-2324-40B2-8E0F-8998FF198AF1}
	EndGlobalSection
EndGlobal
